
Microsoft Visual Studio Solution File, Format Version 12.00
# Visual Studio 2012
Project("{FAE04EC0-301F-11D3-BF4B-00C04F79EFBC}") = "Capa_Presentacion", "AplicacionDesktop\Capa_Presentacion.csproj", "{00B3F5B7-2EBB-4051-8A65-2625D1EAB955}"
EndProject
Project("{FAE04EC0-301F-11D3-BF4B-00C04F79EFBC}") = "Capa_Conexion", "Capa_Conexion\Capa_Conexion.csproj", "{C772EF1E-A7C2-4B93-8EBC-E6614D22A07C}"
EndProject
Project("{FAE04EC0-301F-11D3-BF4B-00C04F79EFBC}") = "CapaNegocio", "CapaNegocio\CapaNegocio.csproj", "{3D96713E-02F5-4C59-9F8E-B0C39DA6A213}"
EndProject
Project("{FAE04EC0-301F-11D3-BF4B-00C04F79EFBC}") = "Capa_DTO", "Capa_DTO\Capa_DTO.csproj", "{6BBD4EF4-72AC-47FF-A322-2AB78A59957D}"
EndProject
Global
	GlobalSection(SolutionConfigurationPlatforms) = preSolution
		Debug|Any CPU = Debug|Any CPU
		Release|Any CPU = Release|Any CPU
	EndGlobalSection
	GlobalSection(ProjectConfigurationPlatforms) = postSolution
		{00B3F5B7-2EBB-4051-8A65-2625D1EAB955}.Debug|Any CPU.ActiveCfg = Debug|Any CPU
		{00B3F5B7-2EBB-4051-8A65-2625D1EAB955}.Debug|Any CPU.Build.0 = Debug|Any CPU
		{00B3F5B7-2EBB-4051-8A65-2625D1EAB955}.Release|Any CPU.ActiveCfg = Release|Any CPU
		{00B3F5B7-2EBB-4051-8A65-2625D1EAB955}.Release|Any CPU.Build.0 = Release|Any CPU
		{C772EF1E-A7C2-4B93-8EBC-E6614D22A07C}.Debug|Any CPU.ActiveCfg = Debug|Any CPU
		{C772EF1E-A7C2-4B93-8EBC-E6614D22A07C}.Debug|Any CPU.Build.0 = Debug|Any CPU
		{C772EF1E-A7C2-4B93-8EBC-E6614D22A07C}.Release|Any CPU.ActiveCfg = Release|Any CPU
		{C772EF1E-A7C2-4B93-8EBC-E6614D22A07C}.Release|Any CPU.Build.0 = Release|Any CPU
		{3D96713E-02F5-4C59-9F8E-B0C39DA6A213}.Debug|Any CPU.ActiveCfg = Debug|Any CPU
		{3D96713E-02F5-4C59-9F8E-B0C39DA6A213}.Debug|Any CPU.Build.0 = Debug|Any CPU
		{3D96713E-02F5-4C59-9F8E-B0C39DA6A213}.Release|Any CPU.ActiveCfg = Release|Any CPU
		{3D96713E-02F5-4C59-9F8E-B0C39DA6A213}.Release|Any CPU.Build.0 = Release|Any CPU
		{6BBD4EF4-72AC-47FF-A322-2AB78A59957D}.Debug|Any CPU.ActiveCfg = Debug|Any CPU
		{6BBD4EF4-72AC-47FF-A322-2AB78A59957D}.Debug|Any CPU.Build.0 = Debug|Any CPU
		{6BBD4EF4-72AC-47FF-A322-2AB78A59957D}.Release|Any CPU.ActiveCfg = Release|Any CPU
		{6BBD4EF4-72AC-47FF-A322-2AB78A59957D}.Release|Any CPU.Build.0 = Release|Any CPU
	EndGlobalSection
	GlobalSection(SolutionProperties) = preSolution
		HideSolutionNode = FALSE
	EndGlobalSection
EndGlobal
